
Microsoft Visual Studio Solution File, Format Version 12.00
# Visual Studio Version 16
VisualStudioVersion = 16.0.31005.135
MinimumVisualStudioVersion = 10.0.40219.1
Project("{FAE04EC0-301F-11D3-BF4B-00C04F79EFBC}") = "FilmPortali", "FilmPortali\FilmPortali.csproj", "{03686662-DF88-4C16-B2FB-63BD9A90FCA5}"
EndProject
Project("{FAE04EC0-301F-11D3-BF4B-00C04F79EFBC}") = "EntityLayer", "EntityLayer\EntityLayer.csproj", "{177D1229-ED77-450B-BBC6-D41E0049D3C5}"
EndProject
Project("{FAE04EC0-301F-11D3-BF4B-00C04F79EFBC}") = "DataAccessLayer", "DataAccessLayer\DataAccessLayer.csproj", "{108B89EC-AD8F-4ACC-8825-9A5C8F2A534F}"
EndProject
Project("{FAE04EC0-301F-11D3-BF4B-00C04F79EFBC}") = "BusinessLayer", "BusinessLayer\BusinessLayer.csproj", "{7D938127-2A02-4E30-846A-9EB5C2EED4D1}"
EndProject
Global
	GlobalSection(SolutionConfigurationPlatforms) = preSolution
		Debug|Any CPU = Debug|Any CPU
		Release|Any CPU = Release|Any CPU
	EndGlobalSection
	GlobalSection(ProjectConfigurationPlatforms) = postSolution
		{03686662-DF88-4C16-B2FB-63BD9A90FCA5}.Debug|Any CPU.ActiveCfg = Debug|Any CPU
		{03686662-DF88-4C16-B2FB-63BD9A90FCA5}.Debug|Any CPU.Build.0 = Debug|Any CPU
		{03686662-DF88-4C16-B2FB-63BD9A90FCA5}.Release|Any CPU.ActiveCfg = Release|Any CPU
		{03686662-DF88-4C16-B2FB-63BD9A90FCA5}.Release|Any CPU.Build.0 = Release|Any CPU
		{177D1229-ED77-450B-BBC6-D41E0049D3C5}.Debug|Any CPU.ActiveCfg = Debug|Any CPU
		{177D1229-ED77-450B-BBC6-D41E0049D3C5}.Debug|Any CPU.Build.0 = Debug|Any CPU
		{177D1229-ED77-450B-BBC6-D41E0049D3C5}.Release|Any CPU.ActiveCfg = Release|Any CPU
		{177D1229-ED77-450B-BBC6-D41E0049D3C5}.Release|Any CPU.Build.0 = Release|Any CPU
		{108B89EC-AD8F-4ACC-8825-9A5C8F2A534F}.Debug|Any CPU.ActiveCfg = Debug|Any CPU
		{108B89EC-AD8F-4ACC-8825-9A5C8F2A534F}.Debug|Any CPU.Build.0 = Debug|Any CPU
		{108B89EC-AD8F-4ACC-8825-9A5C8F2A534F}.Release|Any CPU.ActiveCfg = Release|Any CPU
		{108B89EC-AD8F-4ACC-8825-9A5C8F2A534F}.Release|Any CPU.Build.0 = Release|Any CPU
		{7D938127-2A02-4E30-846A-9EB5C2EED4D1}.Debug|Any CPU.ActiveCfg = Debug|Any CPU
		{7D938127-2A02-4E30-846A-9EB5C2EED4D1}.Debug|Any CPU.Build.0 = Debug|Any CPU
		{7D938127-2A02-4E30-846A-9EB5C2EED4D1}.Release|Any CPU.ActiveCfg = Release|Any CPU
		{7D938127-2A02-4E30-846A-9EB5C2EED4D1}.Release|Any CPU.Build.0 = Release|Any CPU
	EndGlobalSection
	GlobalSection(SolutionProperties) = preSolution
		HideSolutionNode = FALSE
	EndGlobalSection
	GlobalSection(ExtensibilityGlobals) = postSolution
		SolutionGuid = {4E78060C-AC12-4D0B-9EE9-F4ADEB9412B7}
	EndGlobalSection
EndGlobal
